<?xml version="1.0" encoding="utf-8"?>
<Project ToolsVersion="4.0" xmlns="http://schemas.microsoft.com/developer/msbuild/2003">
  <ItemGroup>
    <Filter Include="Generated Files">
      <UniqueIdentifier>{71ED8ED8-ACB9-4CE9-BBE1-E00B30144E11}</UniqueIdentifier>
      <Extensions>cpp;c;cxx;moc;h;def;odl;idl;res;</Extensions>
    </Filter>
    <Filter Include="Generated Files">
      <UniqueIdentifier>{71ED8ED8-ACB9-4CE9-BBE1-E00B30144E11}</UniqueIdentifier>
      <Extensions>cpp;c;cxx;moc;h;def;odl;idl;res;</Extensions>
    </Filter>
    <Filter Include="Header Files">
      <UniqueIdentifier>{93995380-89BD-4b04-88EB-625FBE52EBFB}</UniqueIdentifier>
      <Extensions>h;hpp;hxx;hm;inl;inc;xsd</Extensions>
    </Filter>
    <Filter Include="Header Files">
      <UniqueIdentifier>{93995380-89BD-4b04-88EB-625FBE52EBFB}</UniqueIdentifier>
      <Extensions>h;hpp;hxx;hm;inl;inc;xsd</Extensions>
    </Filter>
    <Filter Include="Resource Files">
      <UniqueIdentifier>{D9D6E242-F8AF-46E4-B9FD-80ECBC20BA3E}</UniqueIdentifier>
      <Extensions>qrc;*</Extensions>
      <ParseFiles>false</ParseFiles>
    </Filter>
    <Filter Include="Resource Files">
      <UniqueIdentifier>{D9D6E242-F8AF-46E4-B9FD-80ECBC20BA3E}</UniqueIdentifier>
      <Extensions>qrc;*</Extensions>
      <ParseFiles>false</ParseFiles>
    </Filter>
    <Filter Include="Source Files">
      <UniqueIdentifier>{4FC737F1-C7A5-4376-A066-2A32D752A2FF}</UniqueIdentifier>
      <Extensions>cpp;c;cxx;def;odl;idl;hpj;bat;asm;asmx</Extensions>
    </Filter>
    <Filter Include="Source Files">
      <UniqueIdentifier>{4FC737F1-C7A5-4376-A066-2A32D752A2FF}</UniqueIdentifier>
      <Extensions>cpp;c;cxx;def;odl;idl;hpj;bat;asm;asmx</Extensions>
    </Filter>
    <Filter Include="Generated Files\Debug">
      <UniqueIdentifier>{3ad49353-bf0b-45e8-9f72-6aba91dce626}</UniqueIdentifier>
      <Extensions>cpp;moc</Extensions>
      <SourceControlFiles>False</SourceControlFiles>
    </Filter>
    <Filter Include="Generated Files\Release">
      <UniqueIdentifier>{f0e4793c-ef0e-4b00-93e1-84ada535eddd}</UniqueIdentifier>
      <Extensions>cpp;moc</Extensions>
      <SourceControlFiles>False</SourceControlFiles>
    </Filter>
    <Filter Include="Header Files\Frames">
      <UniqueIdentifier>{06217712-8659-4601-8b20-471099edd493}</UniqueIdentifier>
    </Filter>
    <Filter Include="Source Files\Frames">
      <UniqueIdentifier>{72b2a163-38b7-40f7-b581-10b4062398e0}</UniqueIdentifier>
    </Filter>
    <Filter Include="Source Files\Widgets">
      <UniqueIdentifier>{580c5f2f-0aad-487b-8ebf-ab61ead63f7b}</UniqueIdentifier>
    </Filter>
    <Filter Include="Header Files\Widgets">
      <UniqueIdentifier>{987203ad-e2ad-43b9-9888-acf308be5ee8}</UniqueIdentifier>
    </Filter>
    <Filter Include="Source Files\WebBrowser">
      <UniqueIdentifier>{f16778b6-1512-43da-bf5a-810c611b4a3b}</UniqueIdentifier>
    </Filter>
    <Filter Include="Header Files\Kademlia">
      <UniqueIdentifier>{00b393dc-d66d-484a-a59f-f97d5c836d0a}</UniqueIdentifier>
    </Filter>
    <Filter Include="Source Files\Kademlia">
      <UniqueIdentifier>{b99c6af8-0e46-4919-9f75-e24e5c9e2217}</UniqueIdentifier>
    </Filter>
    <Filter Include="Header Files\WebBrowser">
      <UniqueIdentifier>{bc0cc93f-ade4-4fb0-a411-4b988bb37e6d}</UniqueIdentifier>
    </Filter>
    <Filter Include="Source Files\Managers">
      <UniqueIdentifier>{31be1a14-28d6-4cf9-990d-4ec6dc4b8b87}</UniqueIdentifier>
    </Filter>
    <Filter Include="Header Files\Managers">
      <UniqueIdentifier>{342f1209-4a67-4942-9d53-1f8cfda6b4d6}</UniqueIdentifier>
    </Filter>
    <Filter Include="Header Files\Thunder">
      <UniqueIdentifier>{85a630b2-2a15-4a4f-b2a5-3557514e5bdf}</UniqueIdentifier>
    </Filter>
    <Filter Include="Source Files\GSoap">
      <UniqueIdentifier>{4c6aa34c-3b13-436c-b58a-24d9132ef7c2}</UniqueIdentifier>
    </Filter>
    <Filter Include="Header Files\GSoap">
      <UniqueIdentifier>{3ddb20f1-241a-4df4-b904-c9644ccc7a90}</UniqueIdentifier>
    </Filter>
    <Filter Include="Header Files\Proxy">
      <UniqueIdentifier>{713bd98b-ca78-4938-9cad-23f6ae311a4d}</UniqueIdentifier>
    </Filter>
    <Filter Include="Translation Files">
      <UniqueIdentifier>{639EADAA-A684-42e4-A9AD-28FC9BCB8F7C}</UniqueIdentifier>
      <Extensions>ts</Extensions>
      <ParseFiles>false</ParseFiles>
    </Filter>
  </ItemGroup>
  <ItemGroup>
    <ClCompile Include="main.cpp">
      <Filter>Source Files</Filter>
    </ClCompile>
    <ClCompile Include="mainwindow.cpp">
      <Filter>Source Files</Filter>
    </ClCompile>
    <ClCompile Include="GeneratedFiles\Debug\moc_mainwindow.cpp">
      <Filter>Generated Files\Debug</Filter>
    </ClCompile>
    <ClCompile Include="GeneratedFiles\Release\moc_mainwindow.cpp">
      <Filter>Generated Files\Release</Filter>
    </ClCompile>
    <ClCompile Include="GeneratedFiles\Debug\moc_statusbar.cpp">
      <Filter>Generated Files\Debug</Filter>
    </ClCompile>
    <ClCompile Include="GeneratedFiles\Release\moc_statusbar.cpp">
      <Filter>Generated Files\Release</Filter>
    </ClCompile>
    <ClCompile Include="GeneratedFiles\Debug\moc_content.cpp">
      <Filter>Generated Files\Debug</Filter>
    </ClCompile>
    <ClCompile Include="GeneratedFiles\Release\moc_content.cpp">
      <Filter>Generated Files\Release</Filter>
    </ClCompile>
    <ClCompile Include="GeneratedFiles\Debug\moc_titlebar.cpp">
      <Filter>Generated Files\Debug</Filter>
    </ClCompile>
    <ClCompile Include="GeneratedFiles\Release\moc_titlebar.cpp">
      <Filter>Generated Files\Release</Filter>
    </ClCompile>
    <ClCompile Include="content.cpp">
      <Filter>Source Files\Frames</Filter>
    </ClCompile>
    <ClCompile Include="statusbar.cpp">
      <Filter>Source Files\Frames</Filter>
    </ClCompile>
    <ClCompile Include="titlebar.cpp">
      <Filter>Source Files\Frames</Filter>
    </ClCompile>
    <ClCompile Include="GeneratedFiles\Debug\moc_basewindow.cpp">
      <Filter>Generated Files\Debug</Filter>
    </ClCompile>
    <ClCompile Include="GeneratedFiles\Release\moc_basewindow.cpp">
      <Filter>Generated Files\Release</Filter>
    </ClCompile>
    <ClCompile Include="basewindow.cpp">
      <Filter>Source Files\Frames</Filter>
    </ClCompile>
    <ClCompile Include="stdafx.cpp">
      <Filter>Source Files</Filter>
    </ClCompile>
    <ClCompile Include="skinwindow.cpp">
      <Filter>Source Files</Filter>
    </ClCompile>
    <ClCompile Include="GeneratedFiles\Debug\moc_skinwindow.cpp">
      <Filter>Generated Files\Debug</Filter>
    </ClCompile>
    <ClCompile Include="GeneratedFiles\Release\moc_skinwindow.cpp">
      <Filter>Generated Files\Release</Filter>
    </ClCompile>
    <ClCompile Include="GeneratedFiles\Debug\moc_changeskinwidget.cpp">
      <Filter>Generated Files\Debug</Filter>
    </ClCompile>
    <ClCompile Include="GeneratedFiles\Release\moc_changeskinwidget.cpp">
      <Filter>Generated Files\Release</Filter>
    </ClCompile>
    <ClCompile Include="changeskinwidget.cpp">
      <Filter>Source Files\Widgets</Filter>
    </ClCompile>
    <ClCompile Include="systemtray.cpp">
      <Filter>Source Files</Filter>
    </ClCompile>
    <ClCompile Include="GeneratedFiles\Debug\moc_systemtray.cpp">
      <Filter>Generated Files\Debug</Filter>
    </ClCompile>
    <ClCompile Include="GeneratedFiles\Release\moc_systemtray.cpp">
      <Filter>Generated Files\Release</Filter>
    </ClCompile>
    <ClCompile Include="messagewindow.cpp">
      <Filter>Source Files</Filter>
    </ClCompile>
    <ClCompile Include="GeneratedFiles\Debug\moc_messagewindow.cpp">
      <Filter>Generated Files\Debug</Filter>
    </ClCompile>
    <ClCompile Include="GeneratedFiles\Release\moc_messagewindow.cpp">
      <Filter>Generated Files\Release</Filter>
    </ClCompile>
    <ClCompile Include="miniportalwindow.cpp">
      <Filter>Source Files</Filter>
    </ClCompile>
    <ClCompile Include="GeneratedFiles\Debug\moc_miniportalwindow.cpp">
      <Filter>Generated Files\Debug</Filter>
    </ClCompile>
    <ClCompile Include="GeneratedFiles\Release\moc_miniportalwindow.cpp">
      <Filter>Generated Files\Release</Filter>
    </ClCompile>
    <ClCompile Include="GeneratedFiles\Debug\moc_resulttabwidget.cpp">
      <Filter>Generated Files\Debug</Filter>
    </ClCompile>
    <ClCompile Include="GeneratedFiles\Release\moc_resulttabwidget.cpp">
      <Filter>Generated Files\Release</Filter>
    </ClCompile>
    <ClCompile Include="resulttabwidget.cpp">
      <Filter>Source Files\Widgets</Filter>
    </ClCompile>
    <ClCompile Include="GeneratedFiles\Debug\moc_operatewidget.cpp">
      <Filter>Generated Files\Debug</Filter>
    </ClCompile>
    <ClCompile Include="GeneratedFiles\Release\moc_operatewidget.cpp">
      <Filter>Generated Files\Release</Filter>
    </ClCompile>
    <ClCompile Include="operatewidget.cpp">
      <Filter>Source Files\Widgets</Filter>
    </ClCompile>
    <ClCompile Include="utilitymanager.cpp">
      <Filter>Source Files\Managers</Filter>
    </ClCompile>
    <ClCompile Include="resulttreewidget.cpp">
      <Filter>Source Files\Widgets</Filter>
    </ClCompile>
    <ClCompile Include="GeneratedFiles\Debug\moc_resulttreewidget.cpp">
      <Filter>Generated Files\Debug</Filter>
    </ClCompile>
    <ClCompile Include="GeneratedFiles\Release\moc_resulttreewidget.cpp">
      <Filter>Generated Files\Release</Filter>
    </ClCompile>
    <ClCompile Include="resulttreewidgetitem.cpp">
      <Filter>Source Files\Widgets</Filter>
    </ClCompile>
    <ClCompile Include="webaxwidget.cpp">
      <Filter>Source Files\Widgets</Filter>
    </ClCompile>
    <ClCompile Include="GeneratedFiles\Debug\moc_settingwindow.cpp">
      <Filter>Generated Files\Debug</Filter>
    </ClCompile>
    <ClCompile Include="GeneratedFiles\Release\moc_settingwindow.cpp">
      <Filter>Generated Files\Release</Filter>
    </ClCompile>
    <ClCompile Include="settingwindow.cpp">
      <Filter>Source Files</Filter>
    </ClCompile>
    <ClCompile Include="GeneratedFiles\Debug\moc_playwindow.cpp">
      <Filter>Generated Files\Debug</Filter>
    </ClCompile>
    <ClCompile Include="GeneratedFiles\Release\moc_playwindow.cpp">
      <Filter>Generated Files\Release</Filter>
    </ClCompile>
    <ClCompile Include="playwindow.cpp">
      <Filter>Source Files</Filter>
    </ClCompile>
    <ClCompile Include="GeneratedFiles\Debug\moc_nofocusdelegate.cpp">
      <Filter>Generated Files\Debug</Filter>
    </ClCompile>
    <ClCompile Include="GeneratedFiles\Release\moc_nofocusdelegate.cpp">
      <Filter>Generated Files\Release</Filter>
    </ClCompile>
    <ClCompile Include="nofocusdelegate.cpp">
      <Filter>Source Files\Widgets</Filter>
    </ClCompile>
    <ClCompile Include="GSoap\soapC.cpp">
      <Filter>Source Files\GSoap</Filter>
    </ClCompile>
    <ClCompile Include="GSoap\soapKadServiceSoapProxy.cpp">
      <Filter>Source Files\GSoap</Filter>
    </ClCompile>
    <ClCompile Include="GSoap\stdsoap2.cpp">
      <Filter>Source Files\GSoap</Filter>
    </ClCompile>
    <ClCompile Include="GeneratedFiles\Debug\moc_servicemanager.cpp">
      <Filter>Generated Files\Debug</Filter>
    </ClCompile>
    <ClCompile Include="GeneratedFiles\Release\moc_servicemanager.cpp">
      <Filter>Generated Files\Release</Filter>
    </ClCompile>
    <ClCompile Include="servicemanager.cpp">
      <Filter>Source Files\Managers</Filter>
    </ClCompile>
    <ClCompile Include="cryptmanager.cpp">
      <Filter>Source Files\Managers</Filter>
    </ClCompile>
    <ClCompile Include="shortcut.cpp">
      <Filter>Source Files</Filter>
    </ClCompile>
    <ClCompile Include="GeneratedFiles\Debug\moc_loadingwidget.cpp">
      <Filter>Generated Files\Debug</Filter>
    </ClCompile>
    <ClCompile Include="GeneratedFiles\Release\moc_loadingwidget.cpp">
      <Filter>Generated Files\Release</Filter>
    </ClCompile>
    <ClCompile Include="loadingwidget.cpp">
      <Filter>Source Files\Widgets</Filter>
    </ClCompile>
    <ClCompile Include="GeneratedFiles\Debug\moc_cloudwindow.cpp">
      <Filter>Generated Files\Debug</Filter>
    </ClCompile>
    <ClCompile Include="GeneratedFiles\Release\moc_cloudwindow.cpp">
      <Filter>Generated Files\Release</Filter>
    </ClCompile>
    <ClCompile Include="cloudwindow.cpp">
      <Filter>Source Files</Filter>
    </ClCompile>
    <ClCompile Include="playlistwidget.cpp">
      <Filter>Source Files\Widgets</Filter>
    </ClCompile>
    <ClCompile Include="GeneratedFiles\Debug\moc_playlistwidget.cpp">
      <Filter>Generated Files\Debug</Filter>
    </ClCompile>
    <ClCompile Include="GeneratedFiles\Release\moc_playlistwidget.cpp">
      <Filter>Generated Files\Release</Filter>
    </ClCompile>
    <ClCompile Include="feedbackwindow.cpp">
      <Filter>Source Files</Filter>
    </ClCompile>
    <ClCompile Include="GeneratedFiles\Debug\moc_feedbackwindow.cpp">
      <Filter>Generated Files\Debug</Filter>
    </ClCompile>
    <ClCompile Include="GeneratedFiles\Release\moc_feedbackwindow.cpp">
      <Filter>Generated Files\Release</Filter>
    </ClCompile>
    <ClCompile Include="GeneratedFiles\Debug\moc_kadsearch.cpp">
      <Filter>Generated Files\Debug</Filter>
    </ClCompile>
    <ClCompile Include="GeneratedFiles\Release\moc_kadsearch.cpp">
      <Filter>Generated Files\Release</Filter>
    </ClCompile>
    <ClCompile Include="kadsearch.cpp">
      <Filter>Source Files\Kademlia</Filter>
    </ClCompile>
    <ClCompile Include="GeneratedFiles\Debug\moc_netmanager.cpp">
      <Filter>Generated Files\Debug</Filter>
    </ClCompile>
    <ClCompile Include="GeneratedFiles\Release\moc_netmanager.cpp">
      <Filter>Generated Files\Release</Filter>
    </ClCompile>
    <ClCompile Include="netmanager.cpp">
      <Filter>Source Files\Managers</Filter>
    </ClCompile>
    <ClCompile Include="GeneratedFiles\qrc_resources.cpp">
      <Filter>Generated Files</Filter>
    </ClCompile>
    <ClCompile Include="GeneratedFiles\Debug\moc_webaxwidget.cpp">
      <Filter>Generated Files\Debug</Filter>
    </ClCompile>
    <ClCompile Include="GeneratedFiles\Release\moc_webaxwidget.cpp">
      <Filter>Generated Files\Release</Filter>
    </ClCompile>
  </ItemGroup>
  <ItemGroup>
    <CustomBuild Include="mainwindow.h">
      <Filter>Header Files</Filter>
    </CustomBuild>
    <CustomBuild Include="statusbar.h">
      <Filter>Header Files\Frames</Filter>
    </CustomBuild>
    <CustomBuild Include="content.h">
      <Filter>Header Files\Frames</Filter>
    </CustomBuild>
    <CustomBuild Include="titlebar.h">
      <Filter>Header Files\Frames</Filter>
    </CustomBuild>
    <CustomBuild Include="basewindow.h">
      <Filter>Header Files\Frames</Filter>
    </CustomBuild>
    <CustomBuild Include="skinwindow.h">
      <Filter>Header Files</Filter>
    </CustomBuild>
    <CustomBuild Include="changeskinwidget.h">
      <Filter>Header Files\Widgets</Filter>
    </CustomBuild>
    <CustomBuild Include="systemtray.h">
      <Filter>Header Files</Filter>
    </CustomBuild>
    <CustomBuild Include="messagewindow.h">
      <Filter>Header Files</Filter>
    </CustomBuild>
    <CustomBuild Include="miniportalwindow.h">
      <Filter>Header Files</Filter>
    </CustomBuild>
    <CustomBuild Include="resulttabwidget.h">
      <Filter>Header Files\Widgets</Filter>
    </CustomBuild>
    <CustomBuild Include="operatewidget.h">
      <Filter>Header Files\Widgets</Filter>
    </CustomBuild>
    <CustomBuild Include="resulttreewidget.h">
      <Filter>Header Files\Widgets</Filter>
    </CustomBuild>
    <CustomBuild Include="settingwindow.h">
      <Filter>Header Files</Filter>
    </CustomBuild>
    <CustomBuild Include="playwindow.h">
      <Filter>Header Files</Filter>
    </CustomBuild>
    <CustomBuild Include="nofocusdelegate.h">
      <Filter>Header Files\Widgets</Filter>
    </CustomBuild>
    <CustomBuild Include="servicemanager.h">
      <Filter>Header Files\Managers</Filter>
    </CustomBuild>
    <CustomBuild Include="loadingwidget.h">
      <Filter>Header Files\Widgets</Filter>
    </CustomBuild>
    <CustomBuild Include="cloudwindow.h">
      <Filter>Header Files</Filter>
    </CustomBuild>
    <CustomBuild Include="playlistwidget.h">
      <Filter>Header Files\Widgets</Filter>
    </CustomBuild>
    <CustomBuild Include="feedbackwindow.h">
      <Filter>Header Files</Filter>
    </CustomBuild>
    <CustomBuild Include="kadsearch.h">
      <Filter>Header Files\Kademlia</Filter>
    </CustomBuild>
    <CustomBuild Include="netmanager.h">
      <Filter>Header Files\Managers</Filter>
    </CustomBuild>
    <CustomBuild Include="resources.qrc">
      <Filter>Resource Files</Filter>
    </CustomBuild>
    <CustomBuild Include="webaxwidget.h">
      <Filter>Header Files\Widgets</Filter>
    </CustomBuild>
  </ItemGroup>
  <ItemGroup>
    <ClInclude Include="stdafx.h">
      <Filter>Header Files</Filter>
    </ClInclude>
    <ClInclude Include="common.h">
      <Filter>Header Files</Filter>
    </ClInclude>
    <ClInclude Include="kadresult.h">
      <Filter>Header Files\Kademlia</Filter>
    </ClInclude>
    <ClInclude Include="utilitymanager.h">
      <Filter>Header Files\Managers</Filter>
    </ClInclude>
    <ClInclude Include="resulttreewidgetitem.h">
      <Filter>Header Files\Widgets</Filter>
    </ClInclude>
    <ClInclude Include="GSoap\soapH.h">
      <Filter>Header Files\GSoap</Filter>
    </ClInclude>
    <ClInclude Include="GSoap\soapKadServiceSoapProxy.h">
      <Filter>Header Files\GSoap</Filter>
    </ClInclude>
    <ClInclude Include="GSoap\soapStub.h">
      <Filter>Header Files\GSoap</Filter>
    </ClInclude>
    <ClInclude Include="GSoap\stdsoap2.h">
      <Filter>Header Files\GSoap</Filter>
    </ClInclude>
    <ClInclude Include="cryptmanager.h">
      <Filter>Header Files\Managers</Filter>
    </ClInclude>
    <ClInclude Include="shortcut.h">
      <Filter>Header Files</Filter>
    </ClInclude>
    <ClInclude Include="Proxy\include\SP.h">
      <Filter>Header Files\Proxy</Filter>
    </ClInclude>
  </ItemGroup>
  <ItemGroup>
    <ResourceCompile Include="KadPlayer.rc" />
  </ItemGroup>
  <ItemGroup>
    <None Include="thunderagent.tlh">
      <Filter>Header Files\Thunder</Filter>
    </None>
    <None Include="thunderagent.tli">
      <Filter>Header Files\Thunder</Filter>
    </None>
    <None Include="..\Common\translations\zh_CN.ts">
      <Filter>Translation Files</Filter>
    </None>
  </ItemGroup>
</Project>